
Microsoft Visual Studio Solution File, Format Version 12.00
# Visual Studio Version 16
VisualStudioVersion = 16.0.30406.217
MinimumVisualStudioVersion = 10.0.40219.1
Project("{FAE04EC0-301F-11D3-BF4B-00C04F79EFBC}") = "QuickDate", "Project1\QuickDate.csproj", "{B39E1218-BECA-4288-9429-95DA824B7318}"
EndProject
Project("{FAE04EC0-301F-11D3-BF4B-00C04F79EFBC}") = "QuickTest", "MSTest Test Project\QuickTest.csproj", "{88A47624-CB68-4654-9A67-285D146C8643}"
EndProject
Global
	GlobalSection(SolutionConfigurationPlatforms) = preSolution
		Debug|Any CPU = Debug|Any CPU
		Release|Any CPU = Release|Any CPU
	EndGlobalSection
	GlobalSection(ProjectConfigurationPlatforms) = postSolution
		{B39E1218-BECA-4288-9429-95DA824B7318}.Debug|Any CPU.ActiveCfg = Debug|Any CPU
		{B39E1218-BECA-4288-9429-95DA824B7318}.Debug|Any CPU.Build.0 = Debug|Any CPU
		{B39E1218-BECA-4288-9429-95DA824B7318}.Release|Any CPU.ActiveCfg = Release|Any CPU
		{B39E1218-BECA-4288-9429-95DA824B7318}.Release|Any CPU.Build.0 = Release|Any CPU
		{88A47624-CB68-4654-9A67-285D146C8643}.Debug|Any CPU.ActiveCfg = Debug|Any CPU
		{88A47624-CB68-4654-9A67-285D146C8643}.Debug|Any CPU.Build.0 = Debug|Any CPU
		{88A47624-CB68-4654-9A67-285D146C8643}.Release|Any CPU.ActiveCfg = Release|Any CPU
		{88A47624-CB68-4654-9A67-285D146C8643}.Release|Any CPU.Build.0 = Release|Any CPU
	EndGlobalSection
	GlobalSection(SolutionProperties) = preSolution
		HideSolutionNode = FALSE
	EndGlobalSection
	GlobalSection(ExtensibilityGlobals) = postSolution
		SolutionGuid = {13917953-3A86-44D6-A51A-73E1DE8843AD}
	EndGlobalSection
EndGlobal
